// !$*UTF8*$!
{
	archiveVersion = 1;
	classes = {
	};
	objectVersion = 48;
	objects = {

/* Begin PBXBuildFile section */
		B82591401F758B580075BE95 /* SWRevealViewController.m in Sources */ = {isa = PBXBuildFile; fileRef = B881A6E91F746C770014558B /* SWRevealViewController.m */; };
		B82591421F758E5C0075BE95 /* GradientView.swift in Sources */ = {isa = PBXBuildFile; fileRef = B82591411F758E5C0075BE95 /* GradientView.swift */; };
		B82591451F75994A0075BE95 /* Constants.swift in Sources */ = {isa = PBXBuildFile; fileRef = B82591441F75994A0075BE95 /* Constants.swift */; };
		B82591471F759FD00075BE95 /* LoginVC.swift in Sources */ = {isa = PBXBuildFile; fileRef = B82591461F759FD00075BE95 /* LoginVC.swift */; };
		B881A6D51F7465BA0014558B /* AppDelegate.swift in Sources */ = {isa = PBXBuildFile; fileRef = B881A6D41F7465BA0014558B /* AppDelegate.swift */; };
		B881A6DA1F7465BA0014558B /* Main.storyboard in Resources */ = {isa = PBXBuildFile; fileRef = B881A6D81F7465BA0014558B /* Main.storyboard */; };
		B881A6DC1F7465BA0014558B /* Assets.xcassets in Resources */ = {isa = PBXBuildFile; fileRef = B881A6DB1F7465BA0014558B /* Assets.xcassets */; };
		B881A6DF1F7465BA0014558B /* LaunchScreen.storyboard in Resources */ = {isa = PBXBuildFile; fileRef = B881A6DD1F7465BA0014558B /* LaunchScreen.storyboard */; };
		B891ACA81F7585A900C8289E /* ChatVC.swift in Sources */ = {isa = PBXBuildFile; fileRef = B891ACA71F7585A900C8289E /* ChatVC.swift */; };
		B891ACAA1F7585BA00C8289E /* ChannelVC.swift in Sources */ = {isa = PBXBuildFile; fileRef = B891ACA91F7585BA00C8289E /* ChannelVC.swift */; };
		B89E8BDF1F76D6CA002AE62D /* CreateAccountVC.swift in Sources */ = {isa = PBXBuildFile; fileRef = B89E8BDE1F76D6CA002AE62D /* CreateAccountVC.swift */; };
		F53F75FE4B776E17D4C26066 /* Pods_Smack.framework in Frameworks */ = {isa = PBXBuildFile; fileRef = 8B4018142EEF0A4361D98230 /* Pods_Smack.framework */; };
/* End PBXBuildFile section */

/* Begin PBXFileReference section */
		8B4018142EEF0A4361D98230 /* Pods_Smack.framework */ = {isa = PBXFileReference; explicitFileType = wrapper.framework; includeInIndex = 0; path = Pods_Smack.framework; sourceTree = BUILT_PRODUCTS_DIR; };
		B82591411F758E5C0075BE95 /* GradientView.swift */ = {isa = PBXFileReference; lastKnownFileType = sourcecode.swift; path = GradientView.swift; sourceTree = "<group>"; };
		B82591441F75994A0075BE95 /* Constants.swift */ = {isa = PBXFileReference; lastKnownFileType = sourcecode.swift; path = Constants.swift; sourceTree = "<group>"; };
		B82591461F759FD00075BE95 /* LoginVC.swift */ = {isa = PBXFileReference; lastKnownFileType = sourcecode.swift; path = LoginVC.swift; sourceTree = "<group>"; };
		B881A6D11F7465BA0014558B /* Smack.app */ = {isa = PBXFileReference; explicitFileType = wrapper.application; includeInIndex = 0; path = Smack.app; sourceTree = BUILT_PRODUCTS_DIR; };
		B881A6D41F7465BA0014558B /* AppDelegate.swift */ = {isa = PBXFileReference; lastKnownFileType = sourcecode.swift; path = AppDelegate.swift; sourceTree = "<group>"; };
		B881A6D91F7465BA0014558B /* Base */ = {isa = PBXFileReference; lastKnownFileType = file.storyboard; name = Base; path = Base.lproj/Main.storyboard; sourceTree = "<group>"; };
		B881A6DB1F7465BA0014558B /* Assets.xcassets */ = {isa = PBXFileReference; lastKnownFileType = folder.assetcatalog; path = Assets.xcassets; sourceTree = "<group>"; };
		B881A6DE1F7465BA0014558B /* Base */ = {isa = PBXFileReference; lastKnownFileType = file.storyboard; name = Base; path = Base.lproj/LaunchScreen.storyboard; sourceTree = "<group>"; };
		B881A6E01F7465BA0014558B /* Info.plist */ = {isa = PBXFileReference; lastKnownFileType = text.plist.xml; path = Info.plist; sourceTree = "<group>"; };
		B881A6E71F746C760014558B /* Smack-Bridging-Header.h */ = {isa = PBXFileReference; lastKnownFileType = sourcecode.c.h; path = "Smack-Bridging-Header.h"; sourceTree = "<group>"; };
		B881A6E81F746C770014558B /* SWRevealViewController.h */ = {isa = PBXFileReference; lastKnownFileType = sourcecode.c.h; path = SWRevealViewController.h; sourceTree = "<group>"; };
		B881A6E91F746C770014558B /* SWRevealViewController.m */ = {isa = PBXFileReference; lastKnownFileType = sourcecode.c.objc; path = SWRevealViewController.m; sourceTree = "<group>"; };
		B891ACA71F7585A900C8289E /* ChatVC.swift */ = {isa = PBXFileReference; lastKnownFileType = sourcecode.swift; path = ChatVC.swift; sourceTree = "<group>"; };
		B891ACA91F7585BA00C8289E /* ChannelVC.swift */ = {isa = PBXFileReference; lastKnownFileType = sourcecode.swift; path = ChannelVC.swift; sourceTree = "<group>"; };
		B89E8BDE1F76D6CA002AE62D /* CreateAccountVC.swift */ = {isa = PBXFileReference; lastKnownFileType = sourcecode.swift; path = CreateAccountVC.swift; sourceTree = "<group>"; };
		D48C1043440827973CB0DA20 /* Pods-Smack.release.xcconfig */ = {isa = PBXFileReference; includeInIndex = 1; lastKnownFileType = text.xcconfig; name = "Pods-Smack.release.xcconfig"; path = "Pods/Target Support Files/Pods-Smack/Pods-Smack.release.xcconfig"; sourceTree = "<group>"; };
		DAC566B09059D5E9716E6D0F /* Pods-Smack.debug.xcconfig */ = {isa = PBXFileReference; includeInIndex = 1; lastKnownFileType = text.xcconfig; name = "Pods-Smack.debug.xcconfig"; path = "Pods/Target Support Files/Pods-Smack/Pods-Smack.debug.xcconfig"; sourceTree = "<group>"; };
/* End PBXFileReference section */

/* Begin PBXFrameworksBuildPhase section */
		B881A6CE1F7465BA0014558B /* Frameworks */ = {
			isa = PBXFrameworksBuildPhase;
			buildActionMask = 2147483647;
			files = (
				F53F75FE4B776E17D4C26066 /* Pods_Smack.framework in Frameworks */,
			);
			runOnlyForDeploymentPostprocessing = 0;
		};
/* End PBXFrameworksBuildPhase section */

/* Begin PBXGroup section */
		782901A957B893822E1EF5A6 /* Pods */ = {
			isa = PBXGroup;
			children = (
				DAC566B09059D5E9716E6D0F /* Pods-Smack.debug.xcconfig */,
				D48C1043440827973CB0DA20 /* Pods-Smack.release.xcconfig */,
			);
			name = Pods;
			sourceTree = "<group>";
		};
		B82591431F7599240075BE95 /* Utilities */ = {
			isa = PBXGroup;
			children = (
				B82591441F75994A0075BE95 /* Constants.swift */,
			);
			path = Utilities;
			sourceTree = "<group>";
		};
		B881A6C81F7465BA0014558B = {
			isa = PBXGroup;
			children = (
				B881A6E61F746C540014558B /* Supporting Files */,
				B881A6D31F7465BA0014558B /* Smack */,
				B881A6D21F7465BA0014558B /* Products */,
				782901A957B893822E1EF5A6 /* Pods */,
				F9AB269B549D10D292791A4F /* Frameworks */,
			);
			sourceTree = "<group>";
		};
		B881A6D21F7465BA0014558B /* Products */ = {
			isa = PBXGroup;
			children = (
				B881A6D11F7465BA0014558B /* Smack.app */,
			);
			name = Products;
			sourceTree = "<group>";
		};
		B881A6D31F7465BA0014558B /* Smack */ = {
			isa = PBXGroup;
			children = (
				B82591431F7599240075BE95 /* Utilities */,
				B891ACA61F75858900C8289E /* Model */,
				B891ACA51F75858300C8289E /* View */,
				B891ACA41F75857900C8289E /* Controller */,
				B881A6D41F7465BA0014558B /* AppDelegate.swift */,
				B881A6D81F7465BA0014558B /* Main.storyboard */,
				B881A6DB1F7465BA0014558B /* Assets.xcassets */,
				B881A6DD1F7465BA0014558B /* LaunchScreen.storyboard */,
				B881A6E01F7465BA0014558B /* Info.plist */,
			);
			path = Smack;
			sourceTree = "<group>";
		};
		B881A6E61F746C540014558B /* Supporting Files */ = {
			isa = PBXGroup;
			children = (
				B881A6E81F746C770014558B /* SWRevealViewController.h */,
				B881A6E91F746C770014558B /* SWRevealViewController.m */,
				B881A6E71F746C760014558B /* Smack-Bridging-Header.h */,
			);
			path = "Supporting Files";
			sourceTree = "<group>";
		};
		B891ACA41F75857900C8289E /* Controller */ = {
			isa = PBXGroup;
			children = (
				B891ACA71F7585A900C8289E /* ChatVC.swift */,
				B891ACA91F7585BA00C8289E /* ChannelVC.swift */,
				B82591461F759FD00075BE95 /* LoginVC.swift */,
				B89E8BDE1F76D6CA002AE62D /* CreateAccountVC.swift */,
			);
			path = Controller;
			sourceTree = "<group>";
		};
		B891ACA51F75858300C8289E /* View */ = {
			isa = PBXGroup;
			children = (
				B82591411F758E5C0075BE95 /* GradientView.swift */,
			);
			path = View;
			sourceTree = "<group>";
		};
		B891ACA61F75858900C8289E /* Model */ = {
			isa = PBXGroup;
			children = (
			);
			path = Model;
			sourceTree = "<group>";
		};
		F9AB269B549D10D292791A4F /* Frameworks */ = {
			isa = PBXGroup;
			children = (
				8B4018142EEF0A4361D98230 /* Pods_Smack.framework */,
			);
			name = Frameworks;
			sourceTree = "<group>";
		};
/* End PBXGroup section */

/* Begin PBXNativeTarget section */
		B881A6D01F7465BA0014558B /* Smack */ = {
			isa = PBXNativeTarget;
			buildConfigurationList = B881A6E31F7465BA0014558B /* Build configuration list for PBXNativeTarget "Smack" */;
			buildPhases = (
				C57B821B9AC35B9D64F8A806 /* [CP] Check Pods Manifest.lock */,
				B881A6CD1F7465BA0014558B /* Sources */,
				B881A6CE1F7465BA0014558B /* Frameworks */,
				B881A6CF1F7465BA0014558B /* Resources */,
				CD0922E717FFA181E3DD43D7 /* [CP] Embed Pods Frameworks */,
				C461D779EA32299F7D9EBAD4 /* [CP] Copy Pods Resources */,
			);
			buildRules = (
			);
			dependencies = (
			);
			name = Smack;
			productName = Smack;
			productReference = B881A6D11F7465BA0014558B /* Smack.app */;
			productType = "com.apple.product-type.application";
		};
/* End PBXNativeTarget section */

/* Begin PBXProject section */
		B881A6C91F7465BA0014558B /* Project object */ = {
			isa = PBXProject;
			attributes = {
				LastSwiftUpdateCheck = 0900;
				LastUpgradeCheck = 0900;
				ORGANIZATIONNAME = "Duarte Aragão";
				TargetAttributes = {
					B881A6D01F7465BA0014558B = {
						CreatedOnToolsVersion = 9.0;
						LastSwiftMigration = 0900;
						ProvisioningStyle = Automatic;
					};
				};
			};
			buildConfigurationList = B881A6CC1F7465BA0014558B /* Build configuration list for PBXProject "Smack" */;
			compatibilityVersion = "Xcode 8.0";
			developmentRegion = en;
			hasScannedForEncodings = 0;
			knownRegions = (
				en,
				Base,
			);
			mainGroup = B881A6C81F7465BA0014558B;
			productRefGroup = B881A6D21F7465BA0014558B /* Products */;
			projectDirPath = "";
			projectRoot = "";
			targets = (
				B881A6D01F7465BA0014558B /* Smack */,
			);
		};
/* End PBXProject section */

/* Begin PBXResourcesBuildPhase section */
		B881A6CF1F7465BA0014558B /* Resources */ = {
			isa = PBXResourcesBuildPhase;
			buildActionMask = 2147483647;
			files = (
				B881A6DF1F7465BA0014558B /* LaunchScreen.storyboard in Resources */,
				B881A6DC1F7465BA0014558B /* Assets.xcassets in Resources */,
				B881A6DA1F7465BA0014558B /* Main.storyboard in Resources */,
			);
			runOnlyForDeploymentPostprocessing = 0;
		};
/* End PBXResourcesBuildPhase section */

/* Begin PBXShellScriptBuildPhase section */
		C461D779EA32299F7D9EBAD4 /* [CP] Copy Pods Resources */ = {
			isa = PBXShellScriptBuildPhase;
			buildActionMask = 2147483647;
			files = (
			);
			inputPaths = (
			);
			name = "[CP] Copy Pods Resources";
			outputPaths = (
			);
			runOnlyForDeploymentPostprocessing = 0;
			shellPath = /bin/sh;
			shellScript = "\"${SRCROOT}/Pods/Target Support Files/Pods-Smack/Pods-Smack-resources.sh\"\n";
			showEnvVarsInLog = 0;
		};
		C57B821B9AC35B9D64F8A806 /* [CP] Check Pods Manifest.lock */ = {
			isa = PBXShellScriptBuildPhase;
			buildActionMask = 2147483647;
			files = (
			);
			inputPaths = (
			);
			name = "[CP] Check Pods Manifest.lock";
			outputPaths = (
			);
			runOnlyForDeploymentPostprocessing = 0;
			shellPath = /bin/sh;
			shellScript = "diff \"${PODS_ROOT}/../Podfile.lock\" \"${PODS_ROOT}/Manifest.lock\" > /dev/null\nif [ $? != 0 ] ; then\n    # print error to STDERR\n    echo \"error: The sandbox is not in sync with the Podfile.lock. Run 'pod install' or update your CocoaPods installation.\" >&2\n    exit 1\nfi\n";
			showEnvVarsInLog = 0;
		};
		CD0922E717FFA181E3DD43D7 /* [CP] Embed Pods Frameworks */ = {
			isa = PBXShellScriptBuildPhase;
			buildActionMask = 2147483647;
			files = (
			);
			inputPaths = (
			);
			name = "[CP] Embed Pods Frameworks";
			outputPaths = (
			);
			runOnlyForDeploymentPostprocessing = 0;
			shellPath = /bin/sh;
			shellScript = "\"${SRCROOT}/Pods/Target Support Files/Pods-Smack/Pods-Smack-frameworks.sh\"\n";
			showEnvVarsInLog = 0;
		};
/* End PBXShellScriptBuildPhase section */

/* Begin PBXSourcesBuildPhase section */
		B881A6CD1F7465BA0014558B /* Sources */ = {
			isa = PBXSourcesBuildPhase;
			buildActionMask = 2147483647;
			files = (
				B891ACA81F7585A900C8289E /* ChatVC.swift in Sources */,
				B891ACAA1F7585BA00C8289E /* ChannelVC.swift in Sources */,
				B89E8BDF1F76D6CA002AE62D /* CreateAccountVC.swift in Sources */,
				B82591471F759FD00075BE95 /* LoginVC.swift in Sources */,
				B82591421F758E5C0075BE95 /* GradientView.swift in Sources */,
				B881A6D51F7465BA0014558B /* AppDelegate.swift in Sources */,
				B82591401F758B580075BE95 /* SWRevealViewController.m in Sources */,
				B82591451F75994A0075BE95 /* Constants.swift in Sources */,
			);
			runOnlyForDeploymentPostprocessing = 0;
		};
/* End PBXSourcesBuildPhase section */

/* Begin PBXVariantGroup section */
		B881A6D81F7465BA0014558B /* Main.storyboard */ = {
			isa = PBXVariantGroup;
			children = (
				B881A6D91F7465BA0014558B /* Base */,
			);
			name = Main.storyboard;
			sourceTree = "<group>";
		};
		B881A6DD1F7465BA0014558B /* LaunchScreen.storyboard */ = {
			isa = PBXVariantGroup;
			children = (
				B881A6DE1F7465BA0014558B /* Base */,
			);
			name = LaunchScreen.storyboard;
			sourceTree = "<group>";
		};
/* End PBXVariantGroup section */

/* Begin XCBuildConfiguration section */
		B881A6E11F7465BA0014558B /* Debug */ = {
			isa = XCBuildConfiguration;
			buildSettings = {
				ALWAYS_SEARCH_USER_PATHS = NO;
				CLANG_ANALYZER_NONNULL = YES;
				CLANG_ANALYZER_NUMBER_OBJECT_CONVERSION = YES_AGGRESSIVE;
				CLANG_CXX_LANGUAGE_STANDARD = "gnu++14";
				CLANG_CXX_LIBRARY = "libc++";
				CLANG_ENABLE_MODULES = YES;
				CLANG_ENABLE_OBJC_ARC = YES;
				CLANG_WARN_BLOCK_CAPTURE_AUTORELEASING = YES;
				CLANG_WARN_BOOL_CONVERSION = YES;
				CLANG_WARN_COMMA = YES;
				CLANG_WARN_CONSTANT_CONVERSION = YES;
				CLANG_WARN_DIRECT_OBJC_ISA_USAGE = YES_ERROR;
				CLANG_WARN_DOCUMENTATION_COMMENTS = YES;
				CLANG_WARN_EMPTY_BODY = YES;
				CLANG_WARN_ENUM_CONVERSION = YES;
				CLANG_WARN_INFINITE_RECURSION = YES;
				CLANG_WARN_INT_CONVERSION = YES;
				CLANG_WARN_NON_LITERAL_NULL_CONVERSION = YES;
				CLANG_WARN_OBJC_LITERAL_CONVERSION = YES;
				CLANG_WARN_OBJC_ROOT_CLASS = YES_ERROR;
				CLANG_WARN_RANGE_LOOP_ANALYSIS = YES;
				CLANG_WARN_STRICT_PROTOTYPES = YES;
				CLANG_WARN_SUSPICIOUS_MOVE = YES;
				CLANG_WARN_UNGUARDED_AVAILABILITY = YES_AGGRESSIVE;
				CLANG_WARN_UNREACHABLE_CODE = YES;
				CLANG_WARN__DUPLICATE_METHOD_MATCH = YES;
				CODE_SIGN_IDENTITY = "iPhone Developer";
				COPY_PHASE_STRIP = NO;
				DEBUG_INFORMATION_FORMAT = dwarf;
				ENABLE_STRICT_OBJC_MSGSEND = YES;
				ENABLE_TESTABILITY = YES;
				GCC_C_LANGUAGE_STANDARD = gnu11;
				GCC_DYNAMIC_NO_PIC = NO;
				GCC_NO_COMMON_BLOCKS = YES;
				GCC_OPTIMIZATION_LEVEL = 0;
				GCC_PREPROCESSOR_DEFINITIONS = (
					"DEBUG=1",
					"$(inherited)",
				);
				GCC_WARN_64_TO_32_BIT_CONVERSION = YES;
				GCC_WARN_ABOUT_RETURN_TYPE = YES_ERROR;
				GCC_WARN_UNDECLARED_SELECTOR = YES;
				GCC_WARN_UNINITIALIZED_AUTOS = YES_AGGRESSIVE;
				GCC_WARN_UNUSED_FUNCTION = YES;
				GCC_WARN_UNUSED_VARIABLE = YES;
				IPHONEOS_DEPLOYMENT_TARGET = 11.0;
				MTL_ENABLE_DEBUG_INFO = YES;
				ONLY_ACTIVE_ARCH = YES;
				SDKROOT = iphoneos;
				SWIFT_ACTIVE_COMPILATION_CONDITIONS = DEBUG;
				SWIFT_OPTIMIZATION_LEVEL = "-Onone";
			};
			name = Debug;
		};
		B881A6E21F7465BA0014558B /* Release */ = {
			isa = XCBuildConfiguration;
			buildSettings = {
				ALWAYS_SEARCH_USER_PATHS = NO;
				CLANG_ANALYZER_NONNULL = YES;
				CLANG_ANALYZER_NUMBER_OBJECT_CONVERSION = YES_AGGRESSIVE;
				CLANG_CXX_LANGUAGE_STANDARD = "gnu++14";
				CLANG_CXX_LIBRARY = "libc++";
				CLANG_ENABLE_MODULES = YES;
				CLANG_ENABLE_OBJC_ARC = YES;
				CLANG_WARN_BLOCK_CAPTURE_AUTORELEASING = YES;
				CLANG_WARN_BOOL_CONVERSION = YES;
				CLANG_WARN_COMMA = YES;
				CLANG_WARN_CONSTANT_CONVERSION = YES;
				CLANG_WARN_DIRECT_OBJC_ISA_USAGE = YES_ERROR;
				CLANG_WARN_DOCUMENTATION_COMMENTS = YES;
				CLANG_WARN_EMPTY_BODY = YES;
				CLANG_WARN_ENUM_CONVERSION = YES;
				CLANG_WARN_INFINITE_RECURSION = YES;
				CLANG_WARN_INT_CONVERSION = YES;
				CLANG_WARN_NON_LITERAL_NULL_CONVERSION = YES;
				CLANG_WARN_OBJC_LITERAL_CONVERSION = YES;
				CLANG_WARN_OBJC_ROOT_CLASS = YES_ERROR;
				CLANG_WARN_RANGE_LOOP_ANALYSIS = YES;
				CLANG_WARN_STRICT_PROTOTYPES = YES;
				CLANG_WARN_SUSPICIOUS_MOVE = YES;
				CLANG_WARN_UNGUARDED_AVAILABILITY = YES_AGGRESSIVE;
				CLANG_WARN_UNREACHABLE_CODE = YES;
				CLANG_WARN__DUPLICATE_METHOD_MATCH = YES;
				CODE_SIGN_IDENTITY = "iPhone Developer";
				COPY_PHASE_STRIP = NO;
				DEBUG_INFORMATION_FORMAT = "dwarf-with-dsym";
				ENABLE_NS_ASSERTIONS = NO;
				ENABLE_STRICT_OBJC_MSGSEND = YES;
				GCC_C_LANGUAGE_STANDARD = gnu11;
				GCC_NO_COMMON_BLOCKS = YES;
				GCC_WARN_64_TO_32_BIT_CONVERSION = YES;
				GCC_WARN_ABOUT_RETURN_TYPE = YES_ERROR;
				GCC_WARN_UNDECLARED_SELECTOR = YES;
				GCC_WARN_UNINITIALIZED_AUTOS = YES_AGGRESSIVE;
				GCC_WARN_UNUSED_FUNCTION = YES;
				GCC_WARN_UNUSED_VARIABLE = YES;
				IPHONEOS_DEPLOYMENT_TARGET = 11.0;
				MTL_ENABLE_DEBUG_INFO = NO;
				SDKROOT = iphoneos;
				SWIFT_OPTIMIZATION_LEVEL = "-Owholemodule";
				VALIDATE_PRODUCT = YES;
			};
			name = Release;
		};
		B881A6E41F7465BA0014558B /* Debug */ = {
			isa = XCBuildConfiguration;
			baseConfigurationReference = DAC566B09059D5E9716E6D0F /* Pods-Smack.debug.xcconfig */;
			buildSettings = {
				ASSETCATALOG_COMPILER_APPICON_NAME = AppIcon;
				CLANG_ENABLE_MODULES = YES;
				CODE_SIGN_STYLE = Automatic;
				DEVELOPMENT_TEAM = F4J98JGPM7;
				INFOPLIST_FILE = Smack/Info.plist;
				LD_RUNPATH_SEARCH_PATHS = "$(inherited) @executable_path/Frameworks";
				PRODUCT_BUNDLE_IDENTIFIER = com.duartearagao.Smack;
				PRODUCT_NAME = "$(TARGET_NAME)";
				SWIFT_OBJC_BRIDGING_HEADER = "Supporting Files/Smack-Bridging-Header.h";
				SWIFT_OPTIMIZATION_LEVEL = "-Onone";
				SWIFT_VERSION = 4.0;
				TARGETED_DEVICE_FAMILY = "1,2";
			};
			name = Debug;
		};
		B881A6E51F7465BA0014558B /* Release */ = {
			isa = XCBuildConfiguration;
			baseConfigurationReference = D48C1043440827973CB0DA20 /* Pods-Smack.release.xcconfig */;
			buildSettings = {
				ASSETCATALOG_COMPILER_APPICON_NAME = AppIcon;
				CLANG_ENABLE_MODULES = YES;
				CODE_SIGN_STYLE = Automatic;
				DEVELOPMENT_TEAM = F4J98JGPM7;
				INFOPLIST_FILE = Smack/Info.plist;
				LD_RUNPATH_SEARCH_PATHS = "$(inherited) @executable_path/Frameworks";
				PRODUCT_BUNDLE_IDENTIFIER = com.duartearagao.Smack;
				PRODUCT_NAME = "$(TARGET_NAME)";
				SWIFT_OBJC_BRIDGING_HEADER = "Supporting Files/Smack-Bridging-Header.h";
				SWIFT_VERSION = 4.0;
				TARGETED_DEVICE_FAMILY = "1,2";
			};
			name = Release;
		};
/* End XCBuildConfiguration section */

/* Begin XCConfigurationList section */
		B881A6CC1F7465BA0014558B /* Build configuration list for PBXProject "Smack" */ = {
			isa = XCConfigurationList;
			buildConfigurations = (
				B881A6E11F7465BA0014558B /* Debug */,
				B881A6E21F7465BA0014558B /* Release */,
			);
			defaultConfigurationIsVisible = 0;
			defaultConfigurationName = Release;
		};
		B881A6E31F7465BA0014558B /* Build configuration list for PBXNativeTarget "Smack" */ = {
			isa = XCConfigurationList;
			buildConfigurations = (
				B881A6E41F7465BA0014558B /* Debug */,
				B881A6E51F7465BA0014558B /* Release */,
			);
			defaultConfigurationIsVisible = 0;
			defaultConfigurationName = Release;
		};
/* End XCConfigurationList section */
	};
	rootObject = B881A6C91F7465BA0014558B /* Project object */;
}
